
Microsoft Visual Studio Solution File, Format Version 12.00
# Visual Studio 14
VisualStudioVersion = 14.0.25420.1
MinimumVisualStudioVersion = 10.0.40219.1
Project("{FAE04EC0-301F-11D3-BF4B-00C04F79EFBC}") = "Hackaton", "Hackaton\Hackaton.csproj", "{64775C5A-2AF7-4B87-8C00-6A3F1643D478}"
EndProject
Project("{FAE04EC0-301F-11D3-BF4B-00C04F79EFBC}") = "DAL", "DAL\DAL.csproj", "{D6F007A4-3CE3-432C-936C-02FAC20DFE5A}"
EndProject
Project("{FAE04EC0-301F-11D3-BF4B-00C04F79EFBC}") = "BLL", "BLL\BLL.csproj", "{59C309DA-92FA-44D3-A08D-507F1202C04B}"
EndProject
Project("{FAE04EC0-301F-11D3-BF4B-00C04F79EFBC}") = "UI", "UI\UI.csproj", "{66B8516B-F0BB-4E73-B8CA-E27498A019A8}"
EndProject
Global
	GlobalSection(SolutionConfigurationPlatforms) = preSolution
		Debug|Any CPU = Debug|Any CPU
		Release|Any CPU = Release|Any CPU
	EndGlobalSection
	GlobalSection(ProjectConfigurationPlatforms) = postSolution
		{64775C5A-2AF7-4B87-8C00-6A3F1643D478}.Debug|Any CPU.ActiveCfg = Debug|Any CPU
		{64775C5A-2AF7-4B87-8C00-6A3F1643D478}.Debug|Any CPU.Build.0 = Debug|Any CPU
		{64775C5A-2AF7-4B87-8C00-6A3F1643D478}.Release|Any CPU.ActiveCfg = Release|Any CPU
		{64775C5A-2AF7-4B87-8C00-6A3F1643D478}.Release|Any CPU.Build.0 = Release|Any CPU
		{D6F007A4-3CE3-432C-936C-02FAC20DFE5A}.Debug|Any CPU.ActiveCfg = Debug|Any CPU
		{D6F007A4-3CE3-432C-936C-02FAC20DFE5A}.Debug|Any CPU.Build.0 = Debug|Any CPU
		{D6F007A4-3CE3-432C-936C-02FAC20DFE5A}.Release|Any CPU.ActiveCfg = Release|Any CPU
		{D6F007A4-3CE3-432C-936C-02FAC20DFE5A}.Release|Any CPU.Build.0 = Release|Any CPU
		{59C309DA-92FA-44D3-A08D-507F1202C04B}.Debug|Any CPU.ActiveCfg = Debug|Any CPU
		{59C309DA-92FA-44D3-A08D-507F1202C04B}.Debug|Any CPU.Build.0 = Debug|Any CPU
		{59C309DA-92FA-44D3-A08D-507F1202C04B}.Release|Any CPU.ActiveCfg = Release|Any CPU
		{59C309DA-92FA-44D3-A08D-507F1202C04B}.Release|Any CPU.Build.0 = Release|Any CPU
		{66B8516B-F0BB-4E73-B8CA-E27498A019A8}.Debug|Any CPU.ActiveCfg = Debug|Any CPU
		{66B8516B-F0BB-4E73-B8CA-E27498A019A8}.Debug|Any CPU.Build.0 = Debug|Any CPU
		{66B8516B-F0BB-4E73-B8CA-E27498A019A8}.Release|Any CPU.ActiveCfg = Release|Any CPU
		{66B8516B-F0BB-4E73-B8CA-E27498A019A8}.Release|Any CPU.Build.0 = Release|Any CPU
	EndGlobalSection
	GlobalSection(SolutionProperties) = preSolution
		HideSolutionNode = FALSE
	EndGlobalSection
EndGlobal
